
Microsoft Visual Studio Solution File, Format Version 12.00
# Visual Studio Version 17
VisualStudioVersion = 17.14.36623.8 d17.14
MinimumVisualStudioVersion = 10.0.40219.1
Project("{FAE04EC0-301F-11D3-BF4B-00C04F79EFBC}") = "ExtensionBlock", "ExtensionBlock\ExtensionBlock.csproj", "{E4942159-D370-4C37-B4DE-ECCFE265A1E9}"
EndProject
Global
	GlobalSection(SolutionConfigurationPlatforms) = preSolution
		Debug|Any CPU = Debug|Any CPU
		Release|Any CPU = Release|Any CPU
	EndGlobalSection
	GlobalSection(ProjectConfigurationPlatforms) = postSolution
		{E4942159-D370-4C37-B4DE-ECCFE265A1E9}.Debug|Any CPU.ActiveCfg = Debug|Any CPU
		{E4942159-D370-4C37-B4DE-ECCFE265A1E9}.Debug|Any CPU.Build.0 = Debug|Any CPU
		{E4942159-D370-4C37-B4DE-ECCFE265A1E9}.Release|Any CPU.ActiveCfg = Release|Any CPU
		{E4942159-D370-4C37-B4DE-ECCFE265A1E9}.Release|Any CPU.Build.0 = Release|Any CPU
	EndGlobalSection
	GlobalSection(SolutionProperties) = preSolution
		HideSolutionNode = FALSE
	EndGlobalSection
	GlobalSection(ExtensibilityGlobals) = postSolution
		SolutionGuid = {A8317182-D40A-4EB8-BA77-0A2DA17200FD}
	EndGlobalSection
EndGlobal
